
Microsoft Visual Studio Solution File, Format Version 12.00
# Visual Studio 15
VisualStudioVersion = 15.0.28307.960
MinimumVisualStudioVersion = 10.0.40219.1
Project("{FAE04EC0-301F-11D3-BF4B-00C04F79EFBC}") = "Minimum Hitting Set", "Minimum Hitting Set\Minimum Hitting Set.csproj", "{3CE415FF-39D0-4D13-88AF-F8496C1FB002}"
EndProject
Global
	GlobalSection(SolutionConfigurationPlatforms) = preSolution
		Debug|Any CPU = Debug|Any CPU
		Release|Any CPU = Release|Any CPU
	EndGlobalSection
	GlobalSection(ProjectConfigurationPlatforms) = postSolution
		{3CE415FF-39D0-4D13-88AF-F8496C1FB002}.Debug|Any CPU.ActiveCfg = Debug|Any CPU
		{3CE415FF-39D0-4D13-88AF-F8496C1FB002}.Debug|Any CPU.Build.0 = Debug|Any CPU
		{3CE415FF-39D0-4D13-88AF-F8496C1FB002}.Release|Any CPU.ActiveCfg = Release|Any CPU
		{3CE415FF-39D0-4D13-88AF-F8496C1FB002}.Release|Any CPU.Build.0 = Release|Any CPU
	EndGlobalSection
	GlobalSection(SolutionProperties) = preSolution
		HideSolutionNode = FALSE
	EndGlobalSection
	GlobalSection(ExtensibilityGlobals) = postSolution
		SolutionGuid = {74DDAAA3-E11E-44CD-AACB-5B2227C02B78}
	EndGlobalSection
EndGlobal
